
Microsoft Visual Studio Solution File, Format Version 12.00
# Visual Studio 2013
VisualStudioVersion = 12.0.31101.0
MinimumVisualStudioVersion = 10.0.40219.1
Project("{FAE04EC0-301F-11D3-BF4B-00C04F79EFBC}") = "Bombarman", "Bomberman\Bombarman.csproj", "{9537F7E0-4053-43BD-A010-67945E412903}"
EndProject
Project("{FAE04EC0-301F-11D3-BF4B-00C04F79EFBC}") = "Keymap", "Keymap\Keymap.csproj", "{3408E736-9354-4963-834D-360EEAA88B47}"
EndProject
Global
	GlobalSection(SolutionConfigurationPlatforms) = preSolution
		Debug|Any CPU = Debug|Any CPU
		Release|Any CPU = Release|Any CPU
	EndGlobalSection
	GlobalSection(ProjectConfigurationPlatforms) = postSolution
		{9537F7E0-4053-43BD-A010-67945E412903}.Debug|Any CPU.ActiveCfg = Debug|Any CPU
		{9537F7E0-4053-43BD-A010-67945E412903}.Debug|Any CPU.Build.0 = Debug|Any CPU
		{9537F7E0-4053-43BD-A010-67945E412903}.Release|Any CPU.ActiveCfg = Release|Any CPU
		{9537F7E0-4053-43BD-A010-67945E412903}.Release|Any CPU.Build.0 = Release|Any CPU
		{3408E736-9354-4963-834D-360EEAA88B47}.Debug|Any CPU.ActiveCfg = Debug|Any CPU
		{3408E736-9354-4963-834D-360EEAA88B47}.Debug|Any CPU.Build.0 = Debug|Any CPU
		{3408E736-9354-4963-834D-360EEAA88B47}.Release|Any CPU.ActiveCfg = Release|Any CPU
		{3408E736-9354-4963-834D-360EEAA88B47}.Release|Any CPU.Build.0 = Release|Any CPU
	EndGlobalSection
	GlobalSection(SolutionProperties) = preSolution
		HideSolutionNode = FALSE
	EndGlobalSection
EndGlobal
